
Microsoft Visual Studio Solution File, Format Version 12.00
# Visual Studio Version 17
VisualStudioVersion = 17.4.33213.308
MinimumVisualStudioVersion = 10.0.40219.1
Project("{FAE04EC0-301F-11D3-BF4B-00C04F79EFBC}") = "WebAPI2", "WebAPI2.csproj", "{50F652A6-2BE5-4ACF-B3AA-1497262EBD1C}"
EndProject
Global
	GlobalSection(SolutionConfigurationPlatforms) = preSolution
		Debug|Any CPU = Debug|Any CPU
		Release|Any CPU = Release|Any CPU
	EndGlobalSection
	GlobalSection(ProjectConfigurationPlatforms) = postSolution
		{50F652A6-2BE5-4ACF-B3AA-1497262EBD1C}.Debug|Any CPU.ActiveCfg = Debug|Any CPU
		{50F652A6-2BE5-4ACF-B3AA-1497262EBD1C}.Debug|Any CPU.Build.0 = Debug|Any CPU
		{50F652A6-2BE5-4ACF-B3AA-1497262EBD1C}.Release|Any CPU.ActiveCfg = Release|Any CPU
		{50F652A6-2BE5-4ACF-B3AA-1497262EBD1C}.Release|Any CPU.Build.0 = Release|Any CPU
	EndGlobalSection
	GlobalSection(SolutionProperties) = preSolution
		HideSolutionNode = FALSE
	EndGlobalSection
	GlobalSection(ExtensibilityGlobals) = postSolution
		SolutionGuid = {B1F2365F-07D7-47AB-BD66-22A535DE87DC}
	EndGlobalSection
EndGlobal
